
Microsoft Visual Studio Solution File, Format Version 12.00
# Visual Studio 15
VisualStudioVersion = 15.0.28010.2016
MinimumVisualStudioVersion = 10.0.40219.1
Project("{FAE04EC0-301F-11D3-BF4B-00C04F79EFBC}") = "Exercice_5", "Exercice_5\Exercice_5.csproj", "{B77221AD-08F9-4BFD-98D4-FBCB47C21E09}"
EndProject
Project("{2150E333-8FDC-42A3-9474-1A3956D46DE8}") = "Exercice", "Exercice", "{5849390C-5889-4D43-9BFA-6388DC2E1078}"
EndProject
Project("{2150E333-8FDC-42A3-9474-1A3956D46DE8}") = "Pour aller plus loin (1)", "Pour aller plus loin (1)", "{50129F5E-F7B2-48EE-A1D7-2952B445F9B7}"
EndProject
Project("{FAE04EC0-301F-11D3-BF4B-00C04F79EFBC}") = "Exercice_5_1", "Exercice_5_1\Exercice_5_1.csproj", "{A41D6F03-0B9C-433F-8710-2333F266C3B4}"
EndProject
Global
	GlobalSection(SolutionConfigurationPlatforms) = preSolution
		Debug|Any CPU = Debug|Any CPU
		Release|Any CPU = Release|Any CPU
	EndGlobalSection
	GlobalSection(ProjectConfigurationPlatforms) = postSolution
		{B77221AD-08F9-4BFD-98D4-FBCB47C21E09}.Debug|Any CPU.ActiveCfg = Debug|Any CPU
		{B77221AD-08F9-4BFD-98D4-FBCB47C21E09}.Debug|Any CPU.Build.0 = Debug|Any CPU
		{B77221AD-08F9-4BFD-98D4-FBCB47C21E09}.Release|Any CPU.ActiveCfg = Release|Any CPU
		{B77221AD-08F9-4BFD-98D4-FBCB47C21E09}.Release|Any CPU.Build.0 = Release|Any CPU
		{A41D6F03-0B9C-433F-8710-2333F266C3B4}.Debug|Any CPU.ActiveCfg = Debug|Any CPU
		{A41D6F03-0B9C-433F-8710-2333F266C3B4}.Debug|Any CPU.Build.0 = Debug|Any CPU
		{A41D6F03-0B9C-433F-8710-2333F266C3B4}.Release|Any CPU.ActiveCfg = Release|Any CPU
		{A41D6F03-0B9C-433F-8710-2333F266C3B4}.Release|Any CPU.Build.0 = Release|Any CPU
	EndGlobalSection
	GlobalSection(SolutionProperties) = preSolution
		HideSolutionNode = FALSE
	EndGlobalSection
	GlobalSection(NestedProjects) = preSolution
		{B77221AD-08F9-4BFD-98D4-FBCB47C21E09} = {5849390C-5889-4D43-9BFA-6388DC2E1078}
		{A41D6F03-0B9C-433F-8710-2333F266C3B4} = {50129F5E-F7B2-48EE-A1D7-2952B445F9B7}
	EndGlobalSection
	GlobalSection(ExtensibilityGlobals) = postSolution
		SolutionGuid = {624C7CA3-C795-45EA-9119-57054E59124B}
	EndGlobalSection
EndGlobal
