
Microsoft Visual Studio Solution File, Format Version 12.00
# Visual Studio 15
VisualStudioVersion = 15.0.28010.2046
MinimumVisualStudioVersion = 10.0.40219.1
Project("{FAE04EC0-301F-11D3-BF4B-00C04F79EFBC}") = "Exercice_13", "Exercice_13\Exercice_13.csproj", "{89C3676C-F084-4697-8710-8C327E1088D8}"
EndProject
Global
	GlobalSection(SolutionConfigurationPlatforms) = preSolution
		Debug|Any CPU = Debug|Any CPU
		Release|Any CPU = Release|Any CPU
	EndGlobalSection
	GlobalSection(ProjectConfigurationPlatforms) = postSolution
		{89C3676C-F084-4697-8710-8C327E1088D8}.Debug|Any CPU.ActiveCfg = Debug|Any CPU
		{89C3676C-F084-4697-8710-8C327E1088D8}.Debug|Any CPU.Build.0 = Debug|Any CPU
		{89C3676C-F084-4697-8710-8C327E1088D8}.Release|Any CPU.ActiveCfg = Release|Any CPU
		{89C3676C-F084-4697-8710-8C327E1088D8}.Release|Any CPU.Build.0 = Release|Any CPU
	EndGlobalSection
	GlobalSection(SolutionProperties) = preSolution
		HideSolutionNode = FALSE
	EndGlobalSection
	GlobalSection(ExtensibilityGlobals) = postSolution
		SolutionGuid = {EB8C2D18-6D85-4E43-8230-CC607483E538}
	EndGlobalSection
EndGlobal
